
Microsoft Visual Studio Solution File, Format Version 12.00
# Visual Studio Version 16
VisualStudioVersion = 16.0.30503.244
MinimumVisualStudioVersion = 10.0.40219.1
Project("{FAE04EC0-301F-11D3-BF4B-00C04F79EFBC}") = "TryLogin", "TryLogin\TryLogin.csproj", "{91B44B92-D3A9-4A75-B2E4-3000B2B891A3}"
EndProject
Global
	GlobalSection(SolutionConfigurationPlatforms) = preSolution
		Debug|Any CPU = Debug|Any CPU
		Release|Any CPU = Release|Any CPU
	EndGlobalSection
	GlobalSection(ProjectConfigurationPlatforms) = postSolution
		{91B44B92-D3A9-4A75-B2E4-3000B2B891A3}.Debug|Any CPU.ActiveCfg = Debug|Any CPU
		{91B44B92-D3A9-4A75-B2E4-3000B2B891A3}.Debug|Any CPU.Build.0 = Debug|Any CPU
		{91B44B92-D3A9-4A75-B2E4-3000B2B891A3}.Release|Any CPU.ActiveCfg = Release|Any CPU
		{91B44B92-D3A9-4A75-B2E4-3000B2B891A3}.Release|Any CPU.Build.0 = Release|Any CPU
	EndGlobalSection
	GlobalSection(SolutionProperties) = preSolution
		HideSolutionNode = FALSE
	EndGlobalSection
	GlobalSection(ExtensibilityGlobals) = postSolution
		SolutionGuid = {252B92A8-8FBB-40E4-BB1F-2FCC2244DF1D}
	EndGlobalSection
EndGlobal
